
Microsoft Visual Studio Solution File, Format Version 12.00
# Visual Studio Version 16
VisualStudioVersion = 16.0.32228.343
MinimumVisualStudioVersion = 10.0.40219.1
Project("{FAE04EC0-301F-11D3-BF4B-00C04F79EFBC}") = "Tests", "Tests.csproj", "{158AFA38-ED54-4708-B052-F6EF2D2682E8}"
EndProject
Global
	GlobalSection(SolutionConfigurationPlatforms) = preSolution
		Debug|Any CPU = Debug|Any CPU
		Release|Any CPU = Release|Any CPU
	EndGlobalSection
	GlobalSection(ProjectConfigurationPlatforms) = postSolution
		{158AFA38-ED54-4708-B052-F6EF2D2682E8}.Debug|Any CPU.ActiveCfg = Debug|Any CPU
		{158AFA38-ED54-4708-B052-F6EF2D2682E8}.Debug|Any CPU.Build.0 = Debug|Any CPU
		{158AFA38-ED54-4708-B052-F6EF2D2682E8}.Release|Any CPU.ActiveCfg = Release|Any CPU
		{158AFA38-ED54-4708-B052-F6EF2D2682E8}.Release|Any CPU.Build.0 = Release|Any CPU
	EndGlobalSection
	GlobalSection(SolutionProperties) = preSolution
		HideSolutionNode = FALSE
	EndGlobalSection
	GlobalSection(ExtensibilityGlobals) = postSolution
		SolutionGuid = {A4E011AA-58C5-458D-B007-1A48D16827DF}
	EndGlobalSection
EndGlobal
